
Microsoft Visual Studio Solution File, Format Version 12.00
# Visual Studio Version 17
VisualStudioVersion = 17.5.33424.131
MinimumVisualStudioVersion = 10.0.40219.1
Project("{FAE04EC0-301F-11D3-BF4B-00C04F79EFBC}") = "if", "if\if.csproj", "{372C31C4-7E18-4D91-99E8-86BB07B61490}"
EndProject
Global
	GlobalSection(SolutionConfigurationPlatforms) = preSolution
		Debug|Any CPU = Debug|Any CPU
		Release|Any CPU = Release|Any CPU
	EndGlobalSection
	GlobalSection(ProjectConfigurationPlatforms) = postSolution
		{372C31C4-7E18-4D91-99E8-86BB07B61490}.Debug|Any CPU.ActiveCfg = Debug|Any CPU
		{372C31C4-7E18-4D91-99E8-86BB07B61490}.Debug|Any CPU.Build.0 = Debug|Any CPU
		{372C31C4-7E18-4D91-99E8-86BB07B61490}.Release|Any CPU.ActiveCfg = Release|Any CPU
		{372C31C4-7E18-4D91-99E8-86BB07B61490}.Release|Any CPU.Build.0 = Release|Any CPU
	EndGlobalSection
	GlobalSection(SolutionProperties) = preSolution
		HideSolutionNode = FALSE
	EndGlobalSection
	GlobalSection(ExtensibilityGlobals) = postSolution
		SolutionGuid = {7CC36F47-F023-4D39-B70D-72C62AD76311}
	EndGlobalSection
EndGlobal
