
Microsoft Visual Studio Solution File, Format Version 12.00
# Visual Studio Version 17
VisualStudioVersion = 17.5.33424.131
MinimumVisualStudioVersion = 10.0.40219.1
Project("{FAE04EC0-301F-11D3-BF4B-00C04F79EFBC}") = "while", "while\while.csproj", "{6762764D-3AA4-4DAC-99B0-33C2BA972281}"
EndProject
Global
	GlobalSection(SolutionConfigurationPlatforms) = preSolution
		Debug|Any CPU = Debug|Any CPU
		Release|Any CPU = Release|Any CPU
	EndGlobalSection
	GlobalSection(ProjectConfigurationPlatforms) = postSolution
		{6762764D-3AA4-4DAC-99B0-33C2BA972281}.Debug|Any CPU.ActiveCfg = Debug|Any CPU
		{6762764D-3AA4-4DAC-99B0-33C2BA972281}.Debug|Any CPU.Build.0 = Debug|Any CPU
		{6762764D-3AA4-4DAC-99B0-33C2BA972281}.Release|Any CPU.ActiveCfg = Release|Any CPU
		{6762764D-3AA4-4DAC-99B0-33C2BA972281}.Release|Any CPU.Build.0 = Release|Any CPU
	EndGlobalSection
	GlobalSection(SolutionProperties) = preSolution
		HideSolutionNode = FALSE
	EndGlobalSection
	GlobalSection(ExtensibilityGlobals) = postSolution
		SolutionGuid = {22192590-C624-4CC9-8221-9A4897BCCFFD}
	EndGlobalSection
EndGlobal
